// !$*UTF8*$!
{
	archiveVersion = 1;
	classes = {
	};
	objectVersion = 77;
	objects = {

/* Begin PBXBuildFile section */
		9238A6E62F905B4C00297DA1 /* FirebaseAuth in Frameworks */ = {isa = PBXBuildFile; productRef = 9238A6E52F905B4C00297DA1 /* FirebaseAuth */; };
		9238A6E82F905B4C00297DA1 /* FirebaseCore in Frameworks */ = {isa = PBXBuildFile; productRef = 9238A6E72F905B4C00297DA1 /* FirebaseCore */; };
		9238A6EA2F905B4C00297DA1 /* FirebaseFirestore in Frameworks */ = {isa = PBXBuildFile; productRef = 9238A6E92F905B4C00297DA1 /* FirebaseFirestore */; };
		9238A6EC2F905B4C00297DA1 /* FirebaseFirestoreCombine-Community in Frameworks */ = {isa = PBXBuildFile; productRef = 9238A6EB2F905B4C00297DA1 /* FirebaseFirestoreCombine-Community */; };
		92443D232F932D9600009983 /* FirebaseFunctions in Frameworks */ = {isa = PBXBuildFile; productRef = 92443D222F932D9600009983 /* FirebaseFunctions */; };
		924E17982F9575970068E159 /* FirebaseMessaging in Frameworks */ = {isa = PBXBuildFile; productRef = 924E17972F9575970068E159 /* FirebaseMessaging */; };
/* End PBXBuildFile section */

/* Begin PBXContainerItemProxy section */
		92B2FAF62F8EE96700EDC823 /* PBXContainerItemProxy */ = {
			isa = PBXContainerItemProxy;
			containerPortal = 92B2FADE2F8EE96500EDC823 /* Project object */;
			proxyType = 1;
			remoteGlobalIDString = 92B2FAE52F8EE96500EDC823;
			remoteInfo = EduAssistall;
		};
		92B2FB002F8EE96700EDC823 /* PBXContainerItemProxy */ = {
			isa = PBXContainerItemProxy;
			containerPortal = 92B2FADE2F8EE96500EDC823 /* Project object */;
			proxyType = 1;
			remoteGlobalIDString = 92B2FAE52F8EE96500EDC823;
			remoteInfo = EduAssistall;
		};
/* End PBXContainerItemProxy section */

/* Begin PBXFileReference section */
		92B2FAE62F8EE96500EDC823 /* EduAssistall.app */ = {isa = PBXFileReference; explicitFileType = wrapper.application; includeInIndex = 0; path = EduAssistall.app; sourceTree = BUILT_PRODUCTS_DIR; };
		92B2FAF52F8EE96700EDC823 /* EduAssistallTests.xctest */ = {isa = PBXFileReference; explicitFileType = wrapper.cfbundle; includeInIndex = 0; path = EduAssistallTests.xctest; sourceTree = BUILT_PRODUCTS_DIR; };
		92B2FAFF2F8EE96700EDC823 /* EduAssistallUITests.xctest */ = {isa = PBXFileReference; explicitFileType = wrapper.cfbundle; includeInIndex = 0; path = EduAssistallUITests.xctest; sourceTree = BUILT_PRODUCTS_DIR; };
/* End PBXFileReference section */

/* Begin PBXFileSystemSynchronizedBuildFileExceptionSet section */
		92443D202F9320BC00009983 /* Exceptions for "EduAssistall" folder in "EduAssistall" target */ = {
			isa = PBXFileSystemSynchronizedBuildFileExceptionSet;
			membershipExceptions = (
				Info.plist,
			);
			target = 92B2FAE52F8EE96500EDC823 /* EduAssistall */;
		};
/* End PBXFileSystemSynchronizedBuildFileExceptionSet section */

/* Begin PBXFileSystemSynchronizedRootGroup section */
		92B2FAE82F8EE96500EDC823 /* EduAssistall */ = {
			isa = PBXFileSystemSynchronizedRootGroup;
			exceptions = (
				92443D202F9320BC00009983 /* Exceptions for "EduAssistall" folder in "EduAssistall" target */,
			);
			path = EduAssistall;
			sourceTree = "<group>";
		};
		92B2FAF82F8EE96700EDC823 /* EduAssistallTests */ = {
			isa = PBXFileSystemSynchronizedRootGroup;
			path = EduAssistallTests;
			sourceTree = "<group>";
		};
		92B2FB022F8EE96700EDC823 /* EduAssistallUITests */ = {
			isa = PBXFileSystemSynchronizedRootGroup;
			path = EduAssistallUITests;
			sourceTree = "<group>";
		};
/* End PBXFileSystemSynchronizedRootGroup section */

/* Begin PBXFrameworksBuildPhase section */
		92B2FAE32F8EE96500EDC823 /* Frameworks */ = {
			isa = PBXFrameworksBuildPhase;
			buildActionMask = 2147483647;
			files = (
				924E17982F9575970068E159 /* FirebaseMessaging in Frameworks */,
				9238A6E82F905B4C00297DA1 /* FirebaseCore in Frameworks */,
				9238A6EC2F905B4C00297DA1 /* FirebaseFirestoreCombine-Community in Frameworks */,
				92443D232F932D9600009983 /* FirebaseFunctions in Frameworks */,
				9238A6E62F905B4C00297DA1 /* FirebaseAuth in Frameworks */,
				9238A6EA2F905B4C00297DA1 /* FirebaseFirestore in Frameworks */,
			);
			runOnlyForDeploymentPostprocessing = 0;
		};
		92B2FAF22F8EE96700EDC823 /* Frameworks */ = {
			isa = PBXFrameworksBuildPhase;
			buildActionMask = 2147483647;
			files = (
			);
			runOnlyForDeploymentPostprocessing = 0;
		};
		92B2FAFC2F8EE96700EDC823 /* Frameworks */ = {
			isa = PBXFrameworksBuildPhase;
			buildActionMask = 2147483647;
			files = (
			);
			runOnlyForDeploymentPostprocessing = 0;
		};
/* End PBXFrameworksBuildPhase section */

/* Begin PBXGroup section */
		92443D212F93210500009983 /* Frameworks */ = {
			isa = PBXGroup;
			children = (
			);
			name = Frameworks;
			sourceTree = "<group>";
		};
		92B2FADD2F8EE96500EDC823 = {
			isa = PBXGroup;
			children = (
				92B2FAE82F8EE96500EDC823 /* EduAssistall */,
				92B2FAF82F8EE96700EDC823 /* EduAssistallTests */,
				92B2FB022F8EE96700EDC823 /* EduAssistallUITests */,
				92443D212F93210500009983 /* Frameworks */,
				92B2FAE72F8EE96500EDC823 /* Products */,
			);
			sourceTree = "<group>";
		};
		92B2FAE72F8EE96500EDC823 /* Products */ = {
			isa = PBXGroup;
			children = (
				92B2FAE62F8EE96500EDC823 /* EduAssistall.app */,
				92B2FAF52F8EE96700EDC823 /* EduAssistallTests.xctest */,
				92B2FAFF2F8EE96700EDC823 /* EduAssistallUITests.xctest */,
			);
			name = Products;
			sourceTree = "<group>";
		};
/* End PBXGroup section */

/* Begin PBXNativeTarget section */
		92B2FAE52F8EE96500EDC823 /* EduAssistall */ = {
			isa = PBXNativeTarget;
			buildConfigurationList = 92B2FB092F8EE96700EDC823 /* Build configuration list for PBXNativeTarget "EduAssistall" */;
			buildPhases = (
				92B2FAE22F8EE96500EDC823 /* Sources */,
				92B2FAE32F8EE96500EDC823 /* Frameworks */,
				92B2FAE42F8EE96500EDC823 /* Resources */,
			);
			buildRules = (
			);
			dependencies = (
			);
			fileSystemSynchronizedGroups = (
				92B2FAE82F8EE96500EDC823 /* EduAssistall */,
			);
			name = EduAssistall;
			packageProductDependencies = (
				9238A6E52F905B4C00297DA1 /* FirebaseAuth */,
				9238A6E72F905B4C00297DA1 /* FirebaseCore */,
				9238A6E92F905B4C00297DA1 /* FirebaseFirestore */,
				9238A6EB2F905B4C00297DA1 /* FirebaseFirestoreCombine-Community */,
				92443D222F932D9600009983 /* FirebaseFunctions */,
				924E17972F9575970068E159 /* FirebaseMessaging */,
			);
			productName = EduAssistall;
			productReference = 92B2FAE62F8EE96500EDC823 /* EduAssistall.app */;
			productType = "com.apple.product-type.application";
		};
		92B2FAF42F8EE96700EDC823 /* EduAssistallTests */ = {
			isa = PBXNativeTarget;
			buildConfigurationList = 92B2FB0C2F8EE96700EDC823 /* Build configuration list for PBXNativeTarget "EduAssistallTests" */;
			buildPhases = (
				92B2FAF12F8EE96700EDC823 /* Sources */,
				92B2FAF22F8EE96700EDC823 /* Frameworks */,
				92B2FAF32F8EE96700EDC823 /* Resources */,
			);
			buildRules = (
			);
			dependencies = (
				92B2FAF72F8EE96700EDC823 /* PBXTargetDependency */,
			);
			fileSystemSynchronizedGroups = (
				92B2FAF82F8EE96700EDC823 /* EduAssistallTests */,
			);
			name = EduAssistallTests;
			packageProductDependencies = (
			);
			productName = EduAssistallTests;
			productReference = 92B2FAF52F8EE96700EDC823 /* EduAssistallTests.xctest */;
			productType = "com.apple.product-type.bundle.unit-test";
		};
		92B2FAFE2F8EE96700EDC823 /* EduAssistallUITests */ = {
			isa = PBXNativeTarget;
			buildConfigurationList = 92B2FB0F2F8EE96700EDC823 /* Build configuration list for PBXNativeTarget "EduAssistallUITests" */;
			buildPhases = (
				92B2FAFB2F8EE96700EDC823 /* Sources */,
				92B2FAFC2F8EE96700EDC823 /* Frameworks */,
				92B2FAFD2F8EE96700EDC823 /* Resources */,
			);
			buildRules = (
			);
			dependencies = (
				92B2FB012F8EE96700EDC823 /* PBXTargetDependency */,
			);
			fileSystemSynchronizedGroups = (
				92B2FB022F8EE96700EDC823 /* EduAssistallUITests */,
			);
			name = EduAssistallUITests;
			packageProductDependencies = (
			);
			productName = EduAssistallUITests;
			productReference = 92B2FAFF2F8EE96700EDC823 /* EduAssistallUITests.xctest */;
			productType = "com.apple.product-type.bundle.ui-testing";
		};
/* End PBXNativeTarget section */

/* Begin PBXProject section */
		92B2FADE2F8EE96500EDC823 /* Project object */ = {
			isa = PBXProject;
			attributes = {
				BuildIndependentTargetsInParallel = 1;
				LastSwiftUpdateCheck = 2640;
				LastUpgradeCheck = 2640;
				TargetAttributes = {
					92B2FAE52F8EE96500EDC823 = {
						CreatedOnToolsVersion = 26.4;
					};
					92B2FAF42F8EE96700EDC823 = {
						CreatedOnToolsVersion = 26.4;
						TestTargetID = 92B2FAE52F8EE96500EDC823;
					};
					92B2FAFE2F8EE96700EDC823 = {
						CreatedOnToolsVersion = 26.4;
						TestTargetID = 92B2FAE52F8EE96500EDC823;
					};
				};
			};
			buildConfigurationList = 92B2FAE12F8EE96500EDC823 /* Build configuration list for PBXProject "EduAssistall" */;
			developmentRegion = en;
			hasScannedForEncodings = 0;
			knownRegions = (
				en,
				Base,
			);
			mainGroup = 92B2FADD2F8EE96500EDC823;
			minimizedProjectReferenceProxies = 1;
			packageReferences = (
				9238A6E42F905B4C00297DA1 /* XCRemoteSwiftPackageReference "firebase-ios-sdk" */,
			);
			preferredProjectObjectVersion = 77;
			productRefGroup = 92B2FAE72F8EE96500EDC823 /* Products */;
			projectDirPath = "";
			projectRoot = "";
			targets = (
				92B2FAE52F8EE96500EDC823 /* EduAssistall */,
				92B2FAF42F8EE96700EDC823 /* EduAssistallTests */,
				92B2FAFE2F8EE96700EDC823 /* EduAssistallUITests */,
			);
		};
/* End PBXProject section */

/* Begin PBXResourcesBuildPhase section */
		92B2FAE42F8EE96500EDC823 /* Resources */ = {
			isa = PBXResourcesBuildPhase;
			buildActionMask = 2147483647;
			files = (
			);
			runOnlyForDeploymentPostprocessing = 0;
		};
		92B2FAF32F8EE96700EDC823 /* Resources */ = {
			isa = PBXResourcesBuildPhase;
			buildActionMask = 2147483647;
			files = (
			);
			runOnlyForDeploymentPostprocessing = 0;
		};
		92B2FAFD2F8EE96700EDC823 /* Resources */ = {
			isa = PBXResourcesBuildPhase;
			buildActionMask = 2147483647;
			files = (
			);
			runOnlyForDeploymentPostprocessing = 0;
		};
/* End PBXResourcesBuildPhase section */

/* Begin PBXSourcesBuildPhase section */
		92B2FAE22F8EE96500EDC823 /* Sources */ = {
			isa = PBXSourcesBuildPhase;
			buildActionMask = 2147483647;
			files = (
			);
			runOnlyForDeploymentPostprocessing = 0;
		};
		92B2FAF12F8EE96700EDC823 /* Sources */ = {
			isa = PBXSourcesBuildPhase;
			buildActionMask = 2147483647;
			files = (
			);
			runOnlyForDeploymentPostprocessing = 0;
		};
		92B2FAFB2F8EE96700EDC823 /* Sources */ = {
			isa = PBXSourcesBuildPhase;
			buildActionMask = 2147483647;
			files = (
			);
			runOnlyForDeploymentPostprocessing = 0;
		};
/* End PBXSourcesBuildPhase section */

/* Begin PBXTargetDependency section */
		92B2FAF72F8EE96700EDC823 /* PBXTargetDependency */ = {
			isa = PBXTargetDependency;
			target = 92B2FAE52F8EE96500EDC823 /* EduAssistall */;
			targetProxy = 92B2FAF62F8EE96700EDC823 /* PBXContainerItemProxy */;
		};
		92B2FB012F8EE96700EDC823 /* PBXTargetDependency */ = {
			isa = PBXTargetDependency;
			target = 92B2FAE52F8EE96500EDC823 /* EduAssistall */;
			targetProxy = 92B2FB002F8EE96700EDC823 /* PBXContainerItemProxy */;
		};
/* End PBXTargetDependency section */

/* Begin XCBuildConfiguration section */
		92B2FB072F8EE96700EDC823 /* Debug */ = {
			isa = XCBuildConfiguration;
			buildSettings = {
				ALWAYS_SEARCH_USER_PATHS = NO;
				ASSETCATALOG_COMPILER_GENERATE_SWIFT_ASSET_SYMBOL_EXTENSIONS = YES;
				CLANG_ANALYZER_NONNULL = YES;
				CLANG_ANALYZER_NUMBER_OBJECT_CONVERSION = YES_AGGRESSIVE;
				CLANG_CXX_LANGUAGE_STANDARD = "gnu++20";
				CLANG_ENABLE_MODULES = YES;
				CLANG_ENABLE_OBJC_ARC = YES;
				CLANG_ENABLE_OBJC_WEAK = YES;
				CLANG_WARN_BLOCK_CAPTURE_AUTORELEASING = YES;
				CLANG_WARN_BOOL_CONVERSION = YES;
				CLANG_WARN_COMMA = YES;
				CLANG_WARN_CONSTANT_CONVERSION = YES;
				CLANG_WARN_DEPRECATED_OBJC_IMPLEMENTATIONS = YES;
				CLANG_WARN_DIRECT_OBJC_ISA_USAGE = YES_ERROR;
				CLANG_WARN_DOCUMENTATION_COMMENTS = YES;
				CLANG_WARN_EMPTY_BODY = YES;
				CLANG_WARN_ENUM_CONVERSION = YES;
				CLANG_WARN_INFINITE_RECURSION = YES;
				CLANG_WARN_INT_CONVERSION = YES;
				CLANG_WARN_NON_LITERAL_NULL_CONVERSION = YES;
				CLANG_WARN_OBJC_IMPLICIT_RETAIN_SELF = YES;
				CLANG_WARN_OBJC_LITERAL_CONVERSION = YES;
				CLANG_WARN_OBJC_ROOT_CLASS = YES_ERROR;
				CLANG_WARN_QUOTED_INCLUDE_IN_FRAMEWORK_HEADER = YES;
				CLANG_WARN_RANGE_LOOP_ANALYSIS = YES;
				CLANG_WARN_STRICT_PROTOTYPES = YES;
				CLANG_WARN_SUSPICIOUS_MOVE = YES;
				CLANG_WARN_UNGUARDED_AVAILABILITY = YES_AGGRESSIVE;
				CLANG_WARN_UNREACHABLE_CODE = YES;
				CLANG_WARN__DUPLICATE_METHOD_MATCH = YES;
				COPY_PHASE_STRIP = NO;
				DEBUG_INFORMATION_FORMAT = dwarf;
				DEVELOPMENT_TEAM = 965RA266P3;
				ENABLE_STRICT_OBJC_MSGSEND = YES;
				ENABLE_TESTABILITY = YES;
				ENABLE_USER_SCRIPT_SANDBOXING = YES;
				GCC_C_LANGUAGE_STANDARD = gnu17;
				GCC_DYNAMIC_NO_PIC = NO;
				GCC_NO_COMMON_BLOCKS = YES;
				GCC_OPTIMIZATION_LEVEL = 0;
				GCC_PREPROCESSOR_DEFINITIONS = (
					"DEBUG=1",
					"$(inherited)",
				);
				GCC_WARN_64_TO_32_BIT_CONVERSION = YES;
				GCC_WARN_ABOUT_RETURN_TYPE = YES_ERROR;
				GCC_WARN_UNDECLARED_SELECTOR = YES;
				GCC_WARN_UNINITIALIZED_AUTOS = YES_AGGRESSIVE;
				GCC_WARN_UNUSED_FUNCTION = YES;
				GCC_WARN_UNUSED_VARIABLE = YES;
				LOCALIZATION_PREFERS_STRING_CATALOGS = YES;
				MTL_ENABLE_DEBUG_INFO = INCLUDE_SOURCE;
				MTL_FAST_MATH = YES;
				ONLY_ACTIVE_ARCH = YES;
				SWIFT_ACTIVE_COMPILATION_CONDITIONS = "DEBUG $(inherited)";
				SWIFT_OPTIMIZATION_LEVEL = "-Onone";
			};
			name = Debug;
		};
		92B2FB082F8EE96700EDC823 /* Release */ = {
			isa = XCBuildConfiguration;
			buildSettings = {
				ALWAYS_SEARCH_USER_PATHS = NO;
				ASSETCATALOG_COMPILER_GENERATE_SWIFT_ASSET_SYMBOL_EXTENSIONS = YES;
				CLANG_ANALYZER_NONNULL = YES;
				CLANG_ANALYZER_NUMBER_OBJECT_CONVERSION = YES_AGGRESSIVE;
				CLANG_CXX_LANGUAGE_STANDARD = "gnu++20";
				CLANG_ENABLE_MODULES = YES;
				CLANG_ENABLE_OBJC_ARC = YES;
				CLANG_ENABLE_OBJC_WEAK = YES;
				CLANG_WARN_BLOCK_CAPTURE_AUTORELEASING = YES;
				CLANG_WARN_BOOL_CONVERSION = YES;
				CLANG_WARN_COMMA = YES;
				CLANG_WARN_CONSTANT_CONVERSION = YES;
				CLANG_WARN_DEPRECATED_OBJC_IMPLEMENTATIONS = YES;
				CLANG_WARN_DIRECT_OBJC_ISA_USAGE = YES_ERROR;
				CLANG_WARN_DOCUMENTATION_COMMENTS = YES;
				CLANG_WARN_EMPTY_BODY = YES;
				CLANG_WARN_ENUM_CONVERSION = YES;
				CLANG_WARN_INFINITE_RECURSION = YES;
				CLANG_WARN_INT_CONVERSION = YES;
				CLANG_WARN_NON_LITERAL_NULL_CONVERSION = YES;
				CLANG_WARN_OBJC_IMPLICIT_RETAIN_SELF = YES;
				CLANG_WARN_OBJC_LITERAL_CONVERSION = YES;
				CLANG_WARN_OBJC_ROOT_CLASS = YES_ERROR;
				CLANG_WARN_QUOTED_INCLUDE_IN_FRAMEWORK_HEADER = YES;
				CLANG_WARN_RANGE_LOOP_ANALYSIS = YES;
				CLANG_WARN_STRICT_PROTOTYPES = YES;
				CLANG_WARN_SUSPICIOUS_MOVE = YES;
				CLANG_WARN_UNGUARDED_AVAILABILITY = YES_AGGRESSIVE;
				CLANG_WARN_UNREACHABLE_CODE = YES;
				CLANG_WARN__DUPLICATE_METHOD_MATCH = YES;
				COPY_PHASE_STRIP = NO;
				DEBUG_INFORMATION_FORMAT = "dwarf-with-dsym";
				DEVELOPMENT_TEAM = 965RA266P3;
				ENABLE_NS_ASSERTIONS = NO;
				ENABLE_STRICT_OBJC_MSGSEND = YES;
				ENABLE_USER_SCRIPT_SANDBOXING = YES;
				GCC_C_LANGUAGE_STANDARD = gnu17;
				GCC_NO_COMMON_BLOCKS = YES;
				GCC_WARN_64_TO_32_BIT_CONVERSION = YES;
				GCC_WARN_ABOUT_RETURN_TYPE = YES_ERROR;
				GCC_WARN_UNDECLARED_SELECTOR = YES;
				GCC_WARN_UNINITIALIZED_AUTOS = YES_AGGRESSIVE;
				GCC_WARN_UNUSED_FUNCTION = YES;
				GCC_WARN_UNUSED_VARIABLE = YES;
				LOCALIZATION_PREFERS_STRING_CATALOGS = YES;
				MTL_ENABLE_DEBUG_INFO = NO;
				MTL_FAST_MATH = YES;
				SWIFT_COMPILATION_MODE = wholemodule;
			};
			name = Release;
		};
		92B2FB0A2F8EE96700EDC823 /* Debug */ = {
			isa = XCBuildConfiguration;
			buildSettings = {
				ASSETCATALOG_COMPILER_APPICON_NAME = AppIcon;
				ASSETCATALOG_COMPILER_GLOBAL_ACCENT_COLOR_NAME = AccentColor;
				CODE_SIGN_STYLE = Automatic;
				CURRENT_PROJECT_VERSION = 2;
				DEVELOPMENT_TEAM = 965RA266P3;
				ENABLE_APP_SANDBOX = YES;
				ENABLE_HARDENED_RUNTIME = YES;
				ENABLE_PREVIEWS = YES;
				ENABLE_USER_SELECTED_FILES = readonly;
				GENERATE_INFOPLIST_FILE = YES;
				INFOPLIST_FILE = EduAssistall/Info.plist;
				"INFOPLIST_KEY_UIApplicationSceneManifest_Generation[sdk=iphoneos*]" = YES;
				"INFOPLIST_KEY_UIApplicationSceneManifest_Generation[sdk=iphonesimulator*]" = YES;
				"INFOPLIST_KEY_UIApplicationSupportsIndirectInputEvents[sdk=iphoneos*]" = YES;
				"INFOPLIST_KEY_UIApplicationSupportsIndirectInputEvents[sdk=iphonesimulator*]" = YES;
				"INFOPLIST_KEY_UILaunchScreen_Generation[sdk=iphoneos*]" = YES;
				"INFOPLIST_KEY_UILaunchScreen_Generation[sdk=iphonesimulator*]" = YES;
				"INFOPLIST_KEY_UIStatusBarStyle[sdk=iphoneos*]" = UIStatusBarStyleDefault;
				"INFOPLIST_KEY_UIStatusBarStyle[sdk=iphonesimulator*]" = UIStatusBarStyleDefault;
				INFOPLIST_KEY_UISupportedInterfaceOrientations_iPad = "UIInterfaceOrientationPortrait UIInterfaceOrientationPortraitUpsideDown UIInterfaceOrientationLandscapeLeft UIInterfaceOrientationLandscapeRight";
				INFOPLIST_KEY_UISupportedInterfaceOrientations_iPhone = "UIInterfaceOrientationPortrait UIInterfaceOrientationLandscapeLeft UIInterfaceOrientationLandscapeRight";
				IPHONEOS_DEPLOYMENT_TARGET = 26.4;
				LD_RUNPATH_SEARCH_PATHS = "@executable_path/Frameworks";
				"LD_RUNPATH_SEARCH_PATHS[sdk=macosx*]" = "@executable_path/../Frameworks";
				MACOSX_DEPLOYMENT_TARGET = 26.4;
				MARKETING_VERSION = 1.1;
				PRODUCT_BUNDLE_IDENTIFIER = clarkdjcr.EduAssistall;
				PRODUCT_NAME = "$(TARGET_NAME)";
				REGISTER_APP_GROUPS = YES;
				SDKROOT = auto;
				STRING_CATALOG_GENERATE_SYMBOLS = YES;
				SUPPORTED_PLATFORMS = "iphoneos iphonesimulator macosx xros xrsimulator";
				SWIFT_APPROACHABLE_CONCURRENCY = YES;
				SWIFT_DEFAULT_ACTOR_ISOLATION = MainActor;
				SWIFT_EMIT_LOC_STRINGS = YES;
				SWIFT_UPCOMING_FEATURE_MEMBER_IMPORT_VISIBILITY = YES;
				SWIFT_VERSION = 5.0;
				TARGETED_DEVICE_FAMILY = "1,2,7";
				XROS_DEPLOYMENT_TARGET = 26.4;
			};
			name = Debug;
		};
		92B2FB0B2F8EE96700EDC823 /* Release */ = {
			isa = XCBuildConfiguration;
			buildSettings = {
				ASSETCATALOG_COMPILER_APPICON_NAME = AppIcon;
				ASSETCATALOG_COMPILER_GLOBAL_ACCENT_COLOR_NAME = AccentColor;
				CODE_SIGN_STYLE = Automatic;
				CURRENT_PROJECT_VERSION = 2;
				DEVELOPMENT_TEAM = 965RA266P3;
				ENABLE_APP_SANDBOX = YES;
				ENABLE_HARDENED_RUNTIME = YES;
				ENABLE_PREVIEWS = YES;
				ENABLE_USER_SELECTED_FILES = readonly;
				GENERATE_INFOPLIST_FILE = YES;
				INFOPLIST_FILE = EduAssistall/Info.plist;
				"INFOPLIST_KEY_UIApplicationSceneManifest_Generation[sdk=iphoneos*]" = YES;
				"INFOPLIST_KEY_UIApplicationSceneManifest_Generation[sdk=iphonesimulator*]" = YES;
				"INFOPLIST_KEY_UIApplicationSupportsIndirectInputEvents[sdk=iphoneos*]" = YES;
				"INFOPLIST_KEY_UIApplicationSupportsIndirectInputEvents[sdk=iphonesimulator*]" = YES;
				"INFOPLIST_KEY_UILaunchScreen_Generation[sdk=iphoneos*]" = YES;
				"INFOPLIST_KEY_UILaunchScreen_Generation[sdk=iphonesimulator*]" = YES;
				"INFOPLIST_KEY_UIStatusBarStyle[sdk=iphoneos*]" = UIStatusBarStyleDefault;
				"INFOPLIST_KEY_UIStatusBarStyle[sdk=iphonesimulator*]" = UIStatusBarStyleDefault;
				INFOPLIST_KEY_UISupportedInterfaceOrientations_iPad = "UIInterfaceOrientationPortrait UIInterfaceOrientationPortraitUpsideDown UIInterfaceOrientationLandscapeLeft UIInterfaceOrientationLandscapeRight";
				INFOPLIST_KEY_UISupportedInterfaceOrientations_iPhone = "UIInterfaceOrientationPortrait UIInterfaceOrientationLandscapeLeft UIInterfaceOrientationLandscapeRight";
				IPHONEOS_DEPLOYMENT_TARGET = 26.4;
				LD_RUNPATH_SEARCH_PATHS = "@executable_path/Frameworks";
				"LD_RUNPATH_SEARCH_PATHS[sdk=macosx*]" = "@executable_path/../Frameworks";
				MACOSX_DEPLOYMENT_TARGET = 26.4;
				MARKETING_VERSION = 1.1;
				PRODUCT_BUNDLE_IDENTIFIER = clarkdjcr.EduAssistall;
				PRODUCT_NAME = "$(TARGET_NAME)";
				REGISTER_APP_GROUPS = YES;
				SDKROOT = auto;
				STRING_CATALOG_GENERATE_SYMBOLS = YES;
				SUPPORTED_PLATFORMS = "iphoneos iphonesimulator macosx xros xrsimulator";
				SWIFT_APPROACHABLE_CONCURRENCY = YES;
				SWIFT_DEFAULT_ACTOR_ISOLATION = MainActor;
				SWIFT_EMIT_LOC_STRINGS = YES;
				SWIFT_UPCOMING_FEATURE_MEMBER_IMPORT_VISIBILITY = YES;
				SWIFT_VERSION = 5.0;
				TARGETED_DEVICE_FAMILY = "1,2,7";
				XROS_DEPLOYMENT_TARGET = 26.4;
			};
			name = Release;
		};
		92B2FB0D2F8EE96700EDC823 /* Debug */ = {
			isa = XCBuildConfiguration;
			buildSettings = {
				BUNDLE_LOADER = "$(TEST_HOST)";
				CODE_SIGN_STYLE = Automatic;
				CURRENT_PROJECT_VERSION = 2;
				DEVELOPMENT_TEAM = 965RA266P3;
				GENERATE_INFOPLIST_FILE = YES;
				IPHONEOS_DEPLOYMENT_TARGET = 26.4;
				MACOSX_DEPLOYMENT_TARGET = 26.4;
				MARKETING_VERSION = 1.1;
				PRODUCT_BUNDLE_IDENTIFIER = clarkdjcr.EduAssistallTests;
				PRODUCT_NAME = "$(TARGET_NAME)";
				SDKROOT = auto;
				STRING_CATALOG_GENERATE_SYMBOLS = NO;
				SUPPORTED_PLATFORMS = "iphoneos iphonesimulator macosx xros xrsimulator";
				SWIFT_APPROACHABLE_CONCURRENCY = YES;
				SWIFT_EMIT_LOC_STRINGS = NO;
				SWIFT_UPCOMING_FEATURE_MEMBER_IMPORT_VISIBILITY = YES;
				SWIFT_VERSION = 5.0;
				TARGETED_DEVICE_FAMILY = "1,2,7";
				TEST_HOST = "$(BUILT_PRODUCTS_DIR)/EduAssistall.app/$(BUNDLE_EXECUTABLE_FOLDER_PATH)/EduAssistall";
				XROS_DEPLOYMENT_TARGET = 26.4;
			};
			name = Debug;
		};
		92B2FB0E2F8EE96700EDC823 /* Release */ = {
			isa = XCBuildConfiguration;
			buildSettings = {
				BUNDLE_LOADER = "$(TEST_HOST)";
				CODE_SIGN_STYLE = Automatic;
				CURRENT_PROJECT_VERSION = 2;
				DEVELOPMENT_TEAM = 965RA266P3;
				GENERATE_INFOPLIST_FILE = YES;
				IPHONEOS_DEPLOYMENT_TARGET = 26.4;
				MACOSX_DEPLOYMENT_TARGET = 26.4;
				MARKETING_VERSION = 1.1;
				PRODUCT_BUNDLE_IDENTIFIER = clarkdjcr.EduAssistallTests;
				PRODUCT_NAME = "$(TARGET_NAME)";
				SDKROOT = auto;
				STRING_CATALOG_GENERATE_SYMBOLS = NO;
				SUPPORTED_PLATFORMS = "iphoneos iphonesimulator macosx xros xrsimulator";
				SWIFT_APPROACHABLE_CONCURRENCY = YES;
				SWIFT_EMIT_LOC_STRINGS = NO;
				SWIFT_UPCOMING_FEATURE_MEMBER_IMPORT_VISIBILITY = YES;
				SWIFT_VERSION = 5.0;
				TARGETED_DEVICE_FAMILY = "1,2,7";
				TEST_HOST = "$(BUILT_PRODUCTS_DIR)/EduAssistall.app/$(BUNDLE_EXECUTABLE_FOLDER_PATH)/EduAssistall";
				XROS_DEPLOYMENT_TARGET = 26.4;
			};
			name = Release;
		};
		92B2FB102F8EE96700EDC823 /* Debug */ = {
			isa = XCBuildConfiguration;
			buildSettings = {
				CODE_SIGN_STYLE = Automatic;
				CURRENT_PROJECT_VERSION = 2;
				DEVELOPMENT_TEAM = 965RA266P3;
				GENERATE_INFOPLIST_FILE = YES;
				IPHONEOS_DEPLOYMENT_TARGET = 26.4;
				MACOSX_DEPLOYMENT_TARGET = 26.4;
				MARKETING_VERSION = 1.1;
				PRODUCT_BUNDLE_IDENTIFIER = clarkdjcr.EduAssistallUITests;
				PRODUCT_NAME = "$(TARGET_NAME)";
				SDKROOT = auto;
				STRING_CATALOG_GENERATE_SYMBOLS = NO;
				SUPPORTED_PLATFORMS = "iphoneos iphonesimulator macosx xros xrsimulator";
				SWIFT_APPROACHABLE_CONCURRENCY = YES;
				SWIFT_EMIT_LOC_STRINGS = NO;
				SWIFT_UPCOMING_FEATURE_MEMBER_IMPORT_VISIBILITY = YES;
				SWIFT_VERSION = 5.0;
				TARGETED_DEVICE_FAMILY = "1,2,7";
				TEST_TARGET_NAME = EduAssistall;
				XROS_DEPLOYMENT_TARGET = 26.4;
			};
			name = Debug;
		};
		92B2FB112F8EE96700EDC823 /* Release */ = {
			isa = XCBuildConfiguration;
			buildSettings = {
				CODE_SIGN_STYLE = Automatic;
				CURRENT_PROJECT_VERSION = 2;
				DEVELOPMENT_TEAM = 965RA266P3;
				GENERATE_INFOPLIST_FILE = YES;
				IPHONEOS_DEPLOYMENT_TARGET = 26.4;
				MACOSX_DEPLOYMENT_TARGET = 26.4;
				MARKETING_VERSION = 1.1;
				PRODUCT_BUNDLE_IDENTIFIER = clarkdjcr.EduAssistallUITests;
				PRODUCT_NAME = "$(TARGET_NAME)";
				SDKROOT = auto;
				STRING_CATALOG_GENERATE_SYMBOLS = NO;
				SUPPORTED_PLATFORMS = "iphoneos iphonesimulator macosx xros xrsimulator";
				SWIFT_APPROACHABLE_CONCURRENCY = YES;
				SWIFT_EMIT_LOC_STRINGS = NO;
				SWIFT_UPCOMING_FEATURE_MEMBER_IMPORT_VISIBILITY = YES;
				SWIFT_VERSION = 5.0;
				TARGETED_DEVICE_FAMILY = "1,2,7";
				TEST_TARGET_NAME = EduAssistall;
				XROS_DEPLOYMENT_TARGET = 26.4;
			};
			name = Release;
		};
/* End XCBuildConfiguration section */

/* Begin XCConfigurationList section */
		92B2FAE12F8EE96500EDC823 /* Build configuration list for PBXProject "EduAssistall" */ = {
			isa = XCConfigurationList;
			buildConfigurations = (
				92B2FB072F8EE96700EDC823 /* Debug */,
				92B2FB082F8EE96700EDC823 /* Release */,
			);
			defaultConfigurationIsVisible = 0;
			defaultConfigurationName = Release;
		};
		92B2FB092F8EE96700EDC823 /* Build configuration list for PBXNativeTarget "EduAssistall" */ = {
			isa = XCConfigurationList;
			buildConfigurations = (
				92B2FB0A2F8EE96700EDC823 /* Debug */,
				92B2FB0B2F8EE96700EDC823 /* Release */,
			);
			defaultConfigurationIsVisible = 0;
			defaultConfigurationName = Release;
		};
		92B2FB0C2F8EE96700EDC823 /* Build configuration list for PBXNativeTarget "EduAssistallTests" */ = {
			isa = XCConfigurationList;
			buildConfigurations = (
				92B2FB0D2F8EE96700EDC823 /* Debug */,
				92B2FB0E2F8EE96700EDC823 /* Release */,
			);
			defaultConfigurationIsVisible = 0;
			defaultConfigurationName = Release;
		};
		92B2FB0F2F8EE96700EDC823 /* Build configuration list for PBXNativeTarget "EduAssistallUITests" */ = {
			isa = XCConfigurationList;
			buildConfigurations = (
				92B2FB102F8EE96700EDC823 /* Debug */,
				92B2FB112F8EE96700EDC823 /* Release */,
			);
			defaultConfigurationIsVisible = 0;
			defaultConfigurationName = Release;
		};
/* End XCConfigurationList section */

/* Begin XCRemoteSwiftPackageReference section */
		9238A6E42F905B4C00297DA1 /* XCRemoteSwiftPackageReference "firebase-ios-sdk" */ = {
			isa = XCRemoteSwiftPackageReference;
			repositoryURL = "https://github.com/firebase/firebase-ios-sdk";
			requirement = {
				kind = upToNextMajorVersion;
				minimumVersion = 12.12.0;
			};
		};
/* End XCRemoteSwiftPackageReference section */

/* Begin XCSwiftPackageProductDependency section */
		9238A6E52F905B4C00297DA1 /* FirebaseAuth */ = {
			isa = XCSwiftPackageProductDependency;
			package = 9238A6E42F905B4C00297DA1 /* XCRemoteSwiftPackageReference "firebase-ios-sdk" */;
			productName = FirebaseAuth;
		};
		9238A6E72F905B4C00297DA1 /* FirebaseCore */ = {
			isa = XCSwiftPackageProductDependency;
			package = 9238A6E42F905B4C00297DA1 /* XCRemoteSwiftPackageReference "firebase-ios-sdk" */;
			productName = FirebaseCore;
		};
		9238A6E92F905B4C00297DA1 /* FirebaseFirestore */ = {
			isa = XCSwiftPackageProductDependency;
			package = 9238A6E42F905B4C00297DA1 /* XCRemoteSwiftPackageReference "firebase-ios-sdk" */;
			productName = FirebaseFirestore;
		};
		9238A6EB2F905B4C00297DA1 /* FirebaseFirestoreCombine-Community */ = {
			isa = XCSwiftPackageProductDependency;
			package = 9238A6E42F905B4C00297DA1 /* XCRemoteSwiftPackageReference "firebase-ios-sdk" */;
			productName = "FirebaseFirestoreCombine-Community";
		};
		92443D222F932D9600009983 /* FirebaseFunctions */ = {
			isa = XCSwiftPackageProductDependency;
			package = 9238A6E42F905B4C00297DA1 /* XCRemoteSwiftPackageReference "firebase-ios-sdk" */;
			productName = FirebaseFunctions;
		};
		924E17972F9575970068E159 /* FirebaseMessaging */ = {
			isa = XCSwiftPackageProductDependency;
			package = 9238A6E42F905B4C00297DA1 /* XCRemoteSwiftPackageReference "firebase-ios-sdk" */;
			productName = FirebaseMessaging;
		};
/* End XCSwiftPackageProductDependency section */
	};
	rootObject = 92B2FADE2F8EE96500EDC823 /* Project object */;
}
